
Microsoft Visual Studio Solution File, Format Version 12.00
Project("{FAE04EC0-301F-11D3-BF4B-00C04F79EFBC}") = "BaseballHistory.API", "BaseballHistory.API\BaseballHistory.API.csproj", "{1F3335C5-A53D-453E-8F93-4B6EE215B4FF}"
EndProject
Project("{FAE04EC0-301F-11D3-BF4B-00C04F79EFBC}") = "BaseballHistory.Domain", "BaseballHistory.Domain\BaseballHistory.Domain.csproj", "{200E2EBA-CA77-46DE-B346-9B4136C44B16}"
EndProject
Project("{FAE04EC0-301F-11D3-BF4B-00C04F79EFBC}") = "BaseballHistory.Data", "BaseballHistory.Data\BaseballHistory.Data.csproj", "{842D3F40-994F-4312-B427-09D1AD91F19C}"
EndProject
Project("{FAE04EC0-301F-11D3-BF4B-00C04F79EFBC}") = "BaseballHistory.Tests", "BaseballHistory.Tests\BaseballHistory.Tests.csproj", "{03DA9A62-2AA2-4715-B278-28271D0AFC10}"
EndProject
Global
	GlobalSection(SolutionConfigurationPlatforms) = preSolution
		Debug|Any CPU = Debug|Any CPU
		Release|Any CPU = Release|Any CPU
	EndGlobalSection
	GlobalSection(ProjectConfigurationPlatforms) = postSolution
		{1F3335C5-A53D-453E-8F93-4B6EE215B4FF}.Debug|Any CPU.ActiveCfg = Debug|Any CPU
		{1F3335C5-A53D-453E-8F93-4B6EE215B4FF}.Debug|Any CPU.Build.0 = Debug|Any CPU
		{1F3335C5-A53D-453E-8F93-4B6EE215B4FF}.Release|Any CPU.ActiveCfg = Release|Any CPU
		{1F3335C5-A53D-453E-8F93-4B6EE215B4FF}.Release|Any CPU.Build.0 = Release|Any CPU
		{200E2EBA-CA77-46DE-B346-9B4136C44B16}.Debug|Any CPU.ActiveCfg = Debug|Any CPU
		{200E2EBA-CA77-46DE-B346-9B4136C44B16}.Debug|Any CPU.Build.0 = Debug|Any CPU
		{200E2EBA-CA77-46DE-B346-9B4136C44B16}.Release|Any CPU.ActiveCfg = Release|Any CPU
		{200E2EBA-CA77-46DE-B346-9B4136C44B16}.Release|Any CPU.Build.0 = Release|Any CPU
		{842D3F40-994F-4312-B427-09D1AD91F19C}.Debug|Any CPU.ActiveCfg = Debug|Any CPU
		{842D3F40-994F-4312-B427-09D1AD91F19C}.Debug|Any CPU.Build.0 = Debug|Any CPU
		{842D3F40-994F-4312-B427-09D1AD91F19C}.Release|Any CPU.ActiveCfg = Release|Any CPU
		{842D3F40-994F-4312-B427-09D1AD91F19C}.Release|Any CPU.Build.0 = Release|Any CPU
		{03DA9A62-2AA2-4715-B278-28271D0AFC10}.Debug|Any CPU.ActiveCfg = Debug|Any CPU
		{03DA9A62-2AA2-4715-B278-28271D0AFC10}.Debug|Any CPU.Build.0 = Debug|Any CPU
		{03DA9A62-2AA2-4715-B278-28271D0AFC10}.Release|Any CPU.ActiveCfg = Release|Any CPU
		{03DA9A62-2AA2-4715-B278-28271D0AFC10}.Release|Any CPU.Build.0 = Release|Any CPU
	EndGlobalSection
EndGlobal
